
Microsoft Visual Studio Solution File, Format Version 12.00
# Visual Studio Version 17
VisualStudioVersion = 17.4.33213.308
MinimumVisualStudioVersion = 10.0.40219.1
Project("{9A19103F-16F7-4668-BE54-9A1E7A4F7556}") = "WsApiExamen", "WsApiExamen\WsApiExamen.csproj", "{22A278DE-0478-40D5-89FF-369390E59C9D}"
EndProject
Project("{9A19103F-16F7-4668-BE54-9A1E7A4F7556}") = "ApiExamenDll", "ApiExamenDll\ApiExamenDll.csproj", "{F7D43FB9-38E3-421F-AD88-944AEE2D85A8}"
EndProject
Project("{9A19103F-16F7-4668-BE54-9A1E7A4F7556}") = "Vista", "Vista\Vista.csproj", "{BBC76F6D-6E87-4941-AC4D-A90B35D01C85}"
EndProject
Project("{00D1A9C2-B5F0-4AF3-8072-F6C62B433612}") = "ExamenDataBAse", "ExamenDataBAse\ExamenDataBAse.sqlproj", "{9A8E3198-268D-4D6E-A25C-B18043C5540A}"
EndProject
Global
	GlobalSection(SolutionConfigurationPlatforms) = preSolution
		Debug|Any CPU = Debug|Any CPU
		Release|Any CPU = Release|Any CPU
	EndGlobalSection
	GlobalSection(ProjectConfigurationPlatforms) = postSolution
		{22A278DE-0478-40D5-89FF-369390E59C9D}.Debug|Any CPU.ActiveCfg = Debug|Any CPU
		{22A278DE-0478-40D5-89FF-369390E59C9D}.Debug|Any CPU.Build.0 = Debug|Any CPU
		{22A278DE-0478-40D5-89FF-369390E59C9D}.Release|Any CPU.ActiveCfg = Release|Any CPU
		{22A278DE-0478-40D5-89FF-369390E59C9D}.Release|Any CPU.Build.0 = Release|Any CPU
		{F7D43FB9-38E3-421F-AD88-944AEE2D85A8}.Debug|Any CPU.ActiveCfg = Debug|Any CPU
		{F7D43FB9-38E3-421F-AD88-944AEE2D85A8}.Debug|Any CPU.Build.0 = Debug|Any CPU
		{F7D43FB9-38E3-421F-AD88-944AEE2D85A8}.Release|Any CPU.ActiveCfg = Release|Any CPU
		{F7D43FB9-38E3-421F-AD88-944AEE2D85A8}.Release|Any CPU.Build.0 = Release|Any CPU
		{BBC76F6D-6E87-4941-AC4D-A90B35D01C85}.Debug|Any CPU.ActiveCfg = Debug|Any CPU
		{BBC76F6D-6E87-4941-AC4D-A90B35D01C85}.Debug|Any CPU.Build.0 = Debug|Any CPU
		{BBC76F6D-6E87-4941-AC4D-A90B35D01C85}.Release|Any CPU.ActiveCfg = Release|Any CPU
		{BBC76F6D-6E87-4941-AC4D-A90B35D01C85}.Release|Any CPU.Build.0 = Release|Any CPU
		{9A8E3198-268D-4D6E-A25C-B18043C5540A}.Debug|Any CPU.ActiveCfg = Debug|Any CPU
		{9A8E3198-268D-4D6E-A25C-B18043C5540A}.Debug|Any CPU.Build.0 = Debug|Any CPU
		{9A8E3198-268D-4D6E-A25C-B18043C5540A}.Debug|Any CPU.Deploy.0 = Debug|Any CPU
		{9A8E3198-268D-4D6E-A25C-B18043C5540A}.Release|Any CPU.ActiveCfg = Release|Any CPU
		{9A8E3198-268D-4D6E-A25C-B18043C5540A}.Release|Any CPU.Build.0 = Release|Any CPU
		{9A8E3198-268D-4D6E-A25C-B18043C5540A}.Release|Any CPU.Deploy.0 = Release|Any CPU
	EndGlobalSection
	GlobalSection(SolutionProperties) = preSolution
		HideSolutionNode = FALSE
	EndGlobalSection
	GlobalSection(ExtensibilityGlobals) = postSolution
		SolutionGuid = {DE292BFF-042B-494A-A30C-B7E684AE8C5D}
	EndGlobalSection
EndGlobal
